
Microsoft Visual Studio Solution File, Format Version 12.00
# Visual Studio Version 17
VisualStudioVersion = 17.0.31903.59
MinimumVisualStudioVersion = 10.0.40219.1
Project("{2150E333-8FDC-42A3-9474-1A3956D46DE8}") = "src", "src", "{DA1E8551-9012-445D-AB86-011F2372752D}"
EndProject
Project("{FAE04EC0-301F-11D3-BF4B-00C04F79EFBC}") = "AuctionService", "src\AuctionService\AuctionService.csproj", "{E4857AC3-2FCC-4E35-B13D-2AAA27646739}"
EndProject
Global
	GlobalSection(SolutionConfigurationPlatforms) = preSolution
		Debug|Any CPU = Debug|Any CPU
		Release|Any CPU = Release|Any CPU
	EndGlobalSection
	GlobalSection(SolutionProperties) = preSolution
		HideSolutionNode = FALSE
	EndGlobalSection
	GlobalSection(ProjectConfigurationPlatforms) = postSolution
		{E4857AC3-2FCC-4E35-B13D-2AAA27646739}.Debug|Any CPU.ActiveCfg = Debug|Any CPU
		{E4857AC3-2FCC-4E35-B13D-2AAA27646739}.Debug|Any CPU.Build.0 = Debug|Any CPU
		{E4857AC3-2FCC-4E35-B13D-2AAA27646739}.Release|Any CPU.ActiveCfg = Release|Any CPU
		{E4857AC3-2FCC-4E35-B13D-2AAA27646739}.Release|Any CPU.Build.0 = Release|Any CPU
	EndGlobalSection
	GlobalSection(NestedProjects) = preSolution
		{E4857AC3-2FCC-4E35-B13D-2AAA27646739} = {DA1E8551-9012-445D-AB86-011F2372752D}
	EndGlobalSection
EndGlobal
